// !$*UTF8*$!
{
	archiveVersion = 1;
	classes = {
	};
	objectVersion = 50;
	objects = {

/* Begin PBXBuildFile section */
		FBC7B84B22B6DC7000F39028 /* main.swift in Sources */ = {isa = PBXBuildFile; fileRef = FBC7B84A22B6DC7000F39028 /* main.swift */; };
		FBC7B85322B6DD1300F39028 /* Customer.swift in Sources */ = {isa = PBXBuildFile; fileRef = FBC7B85222B6DD1300F39028 /* Customer.swift */; };
		FBC7B85922B6DF8C00F39028 /* Products.swift in Sources */ = {isa = PBXBuildFile; fileRef = FBC7B85822B6DF8C00F39028 /* Products.swift */; };
		FBC7B85B22B6DF9B00F39028 /* Orders.swift in Sources */ = {isa = PBXBuildFile; fileRef = FBC7B85A22B6DF9B00F39028 /* Orders.swift */; };
		FBC7B85D22B6DFAB00F39028 /* Manufacturers.swift in Sources */ = {isa = PBXBuildFile; fileRef = FBC7B85C22B6DFAB00F39028 /* Manufacturers.swift */; };
		FBC7B86022B6E01F00F39028 /* OrderDelivery.swift in Sources */ = {isa = PBXBuildFile; fileRef = FBC7B85F22B6E01F00F39028 /* OrderDelivery.swift */; };
		FBC7B86222B6E1C200F39028 /* Address.swift in Sources */ = {isa = PBXBuildFile; fileRef = FBC7B86122B6E1C200F39028 /* Address.swift */; };
		FBC7B86522B6E23000F39028 /* Display.swift in Sources */ = {isa = PBXBuildFile; fileRef = FBC7B86422B6E23000F39028 /* Display.swift */; };
/* End PBXBuildFile section */

/* Begin PBXCopyFilesBuildPhase section */
		FBC7B84522B6DC6F00F39028 /* CopyFiles */ = {
			isa = PBXCopyFilesBuildPhase;
			buildActionMask = 2147483647;
			dstPath = /usr/share/man/man1/;
			dstSubfolderSpec = 0;
			files = (
			);
			runOnlyForDeploymentPostprocessing = 1;
		};
/* End PBXCopyFilesBuildPhase section */

/* Begin PBXFileReference section */
		FBC7B84722B6DC7000F39028 /* StoreManagement */ = {isa = PBXFileReference; explicitFileType = "compiled.mach-o.executable"; includeInIndex = 0; path = StoreManagement; sourceTree = BUILT_PRODUCTS_DIR; };
		FBC7B84A22B6DC7000F39028 /* main.swift */ = {isa = PBXFileReference; lastKnownFileType = sourcecode.swift; path = main.swift; sourceTree = "<group>"; };
		FBC7B85222B6DD1300F39028 /* Customer.swift */ = {isa = PBXFileReference; lastKnownFileType = sourcecode.swift; path = Customer.swift; sourceTree = "<group>"; };
		FBC7B85822B6DF8C00F39028 /* Products.swift */ = {isa = PBXFileReference; lastKnownFileType = sourcecode.swift; path = Products.swift; sourceTree = "<group>"; };
		FBC7B85A22B6DF9B00F39028 /* Orders.swift */ = {isa = PBXFileReference; lastKnownFileType = sourcecode.swift; path = Orders.swift; sourceTree = "<group>"; };
		FBC7B85C22B6DFAB00F39028 /* Manufacturers.swift */ = {isa = PBXFileReference; lastKnownFileType = sourcecode.swift; path = Manufacturers.swift; sourceTree = "<group>"; };
		FBC7B85F22B6E01F00F39028 /* OrderDelivery.swift */ = {isa = PBXFileReference; lastKnownFileType = sourcecode.swift; path = OrderDelivery.swift; sourceTree = "<group>"; };
		FBC7B86122B6E1C200F39028 /* Address.swift */ = {isa = PBXFileReference; lastKnownFileType = sourcecode.swift; path = Address.swift; sourceTree = "<group>"; };
		FBC7B86422B6E23000F39028 /* Display.swift */ = {isa = PBXFileReference; lastKnownFileType = sourcecode.swift; path = Display.swift; sourceTree = "<group>"; };
		FBC7B86722B7457200F39028 /* Products.json */ = {isa = PBXFileReference; lastKnownFileType = text.json; path = Products.json; sourceTree = "<group>"; };
		FBC7B86822B7460F00F39028 /* CustomerData.json */ = {isa = PBXFileReference; lastKnownFileType = text.json; path = CustomerData.json; sourceTree = "<group>"; };
		FBC7B86922B7462C00F39028 /* ManufacturerData.json */ = {isa = PBXFileReference; lastKnownFileType = text.json; path = ManufacturerData.json; sourceTree = "<group>"; };
/* End PBXFileReference section */

/* Begin PBXFrameworksBuildPhase section */
		FBC7B84422B6DC6F00F39028 /* Frameworks */ = {
			isa = PBXFrameworksBuildPhase;
			buildActionMask = 2147483647;
			files = (
			);
			runOnlyForDeploymentPostprocessing = 0;
		};
/* End PBXFrameworksBuildPhase section */

/* Begin PBXGroup section */
		FBC7B83E22B6DC6F00F39028 = {
			isa = PBXGroup;
			children = (
				FBC7B84922B6DC7000F39028 /* StoreManagement */,
				FBC7B84822B6DC7000F39028 /* Products */,
			);
			sourceTree = "<group>";
		};
		FBC7B84822B6DC7000F39028 /* Products */ = {
			isa = PBXGroup;
			children = (
				FBC7B84722B6DC7000F39028 /* StoreManagement */,
			);
			name = Products;
			sourceTree = "<group>";
		};
		FBC7B84922B6DC7000F39028 /* StoreManagement */ = {
			isa = PBXGroup;
			children = (
				FBC7B86622B7454600F39028 /* Resources */,
				FBC7B86322B6E21C00F39028 /* Display */,
				FBC7B85E22B6DFE700F39028 /* OrderDelivery */,
				FBC7B85622B6DF2A00F39028 /* Manufacturers */,
				FBC7B85522B6DF1800F39028 /* Orders */,
				FBC7B85422B6DEFE00F39028 /* Products */,
				FBC7B85122B6DCDB00F39028 /* Customer */,
				FBC7B84A22B6DC7000F39028 /* main.swift */,
				FBC7B86122B6E1C200F39028 /* Address.swift */,
			);
			path = StoreManagement;
			sourceTree = "<group>";
		};
		FBC7B85122B6DCDB00F39028 /* Customer */ = {
			isa = PBXGroup;
			children = (
				FBC7B85222B6DD1300F39028 /* Customer.swift */,
			);
			path = Customer;
			sourceTree = "<group>";
		};
		FBC7B85422B6DEFE00F39028 /* Products */ = {
			isa = PBXGroup;
			children = (
				FBC7B85822B6DF8C00F39028 /* Products.swift */,
			);
			path = Products;
			sourceTree = "<group>";
		};
		FBC7B85522B6DF1800F39028 /* Orders */ = {
			isa = PBXGroup;
			children = (
				FBC7B85A22B6DF9B00F39028 /* Orders.swift */,
			);
			path = Orders;
			sourceTree = "<group>";
		};
		FBC7B85622B6DF2A00F39028 /* Manufacturers */ = {
			isa = PBXGroup;
			children = (
				FBC7B85C22B6DFAB00F39028 /* Manufacturers.swift */,
			);
			path = Manufacturers;
			sourceTree = "<group>";
		};
		FBC7B85E22B6DFE700F39028 /* OrderDelivery */ = {
			isa = PBXGroup;
			children = (
				FBC7B85F22B6E01F00F39028 /* OrderDelivery.swift */,
			);
			path = OrderDelivery;
			sourceTree = "<group>";
		};
		FBC7B86322B6E21C00F39028 /* Display */ = {
			isa = PBXGroup;
			children = (
				FBC7B86422B6E23000F39028 /* Display.swift */,
			);
			path = Display;
			sourceTree = "<group>";
		};
		FBC7B86622B7454600F39028 /* Resources */ = {
			isa = PBXGroup;
			children = (
				FBC7B86722B7457200F39028 /* Products.json */,
				FBC7B86822B7460F00F39028 /* CustomerData.json */,
				FBC7B86922B7462C00F39028 /* ManufacturerData.json */,
			);
			path = Resources;
			sourceTree = "<group>";
		};
/* End PBXGroup section */

/* Begin PBXNativeTarget section */
		FBC7B84622B6DC6F00F39028 /* StoreManagement */ = {
			isa = PBXNativeTarget;
			buildConfigurationList = FBC7B84E22B6DC7000F39028 /* Build configuration list for PBXNativeTarget "StoreManagement" */;
			buildPhases = (
				FBC7B84322B6DC6F00F39028 /* Sources */,
				FBC7B84422B6DC6F00F39028 /* Frameworks */,
				FBC7B84522B6DC6F00F39028 /* CopyFiles */,
			);
			buildRules = (
			);
			dependencies = (
			);
			name = StoreManagement;
			productName = StoreManagement;
			productReference = FBC7B84722B6DC7000F39028 /* StoreManagement */;
			productType = "com.apple.product-type.tool";
		};
/* End PBXNativeTarget section */

/* Begin PBXProject section */
		FBC7B83F22B6DC6F00F39028 /* Project object */ = {
			isa = PBXProject;
			attributes = {
				LastSwiftUpdateCheck = 1020;
				LastUpgradeCheck = 1020;
				ORGANIZATIONNAME = hhh;
				TargetAttributes = {
					FBC7B84622B6DC6F00F39028 = {
						CreatedOnToolsVersion = 10.2.1;
					};
				};
			};
			buildConfigurationList = FBC7B84222B6DC6F00F39028 /* Build configuration list for PBXProject "StoreManagement" */;
			compatibilityVersion = "Xcode 9.3";
			developmentRegion = en;
			hasScannedForEncodings = 0;
			knownRegions = (
				en,
			);
			mainGroup = FBC7B83E22B6DC6F00F39028;
			productRefGroup = FBC7B84822B6DC7000F39028 /* Products */;
			projectDirPath = "";
			projectRoot = "";
			targets = (
				FBC7B84622B6DC6F00F39028 /* StoreManagement */,
			);
		};
/* End PBXProject section */

/* Begin PBXSourcesBuildPhase section */
		FBC7B84322B6DC6F00F39028 /* Sources */ = {
			isa = PBXSourcesBuildPhase;
			buildActionMask = 2147483647;
			files = (
				FBC7B85922B6DF8C00F39028 /* Products.swift in Sources */,
				FBC7B84B22B6DC7000F39028 /* main.swift in Sources */,
				FBC7B85B22B6DF9B00F39028 /* Orders.swift in Sources */,
				FBC7B85D22B6DFAB00F39028 /* Manufacturers.swift in Sources */,
				FBC7B86022B6E01F00F39028 /* OrderDelivery.swift in Sources */,
				FBC7B85322B6DD1300F39028 /* Customer.swift in Sources */,
				FBC7B86522B6E23000F39028 /* Display.swift in Sources */,
				FBC7B86222B6E1C200F39028 /* Address.swift in Sources */,
			);
			runOnlyForDeploymentPostprocessing = 0;
		};
/* End PBXSourcesBuildPhase section */

/* Begin XCBuildConfiguration section */
		FBC7B84C22B6DC7000F39028 /* Debug */ = {
			isa = XCBuildConfiguration;
			buildSettings = {
				ALWAYS_SEARCH_USER_PATHS = NO;
				CLANG_ANALYZER_NONNULL = YES;
				CLANG_ANALYZER_NUMBER_OBJECT_CONVERSION = YES_AGGRESSIVE;
				CLANG_CXX_LANGUAGE_STANDARD = "gnu++14";
				CLANG_CXX_LIBRARY = "libc++";
				CLANG_ENABLE_MODULES = YES;
				CLANG_ENABLE_OBJC_ARC = YES;
				CLANG_ENABLE_OBJC_WEAK = YES;
				CLANG_WARN_BLOCK_CAPTURE_AUTORELEASING = YES;
				CLANG_WARN_BOOL_CONVERSION = YES;
				CLANG_WARN_COMMA = YES;
				CLANG_WARN_CONSTANT_CONVERSION = YES;
				CLANG_WARN_DEPRECATED_OBJC_IMPLEMENTATIONS = YES;
				CLANG_WARN_DIRECT_OBJC_ISA_USAGE = YES_ERROR;
				CLANG_WARN_DOCUMENTATION_COMMENTS = YES;
				CLANG_WARN_EMPTY_BODY = YES;
				CLANG_WARN_ENUM_CONVERSION = YES;
				CLANG_WARN_INFINITE_RECURSION = YES;
				CLANG_WARN_INT_CONVERSION = YES;
				CLANG_WARN_NON_LITERAL_NULL_CONVERSION = YES;
				CLANG_WARN_OBJC_IMPLICIT_RETAIN_SELF = YES;
				CLANG_WARN_OBJC_LITERAL_CONVERSION = YES;
				CLANG_WARN_OBJC_ROOT_CLASS = YES_ERROR;
				CLANG_WARN_RANGE_LOOP_ANALYSIS = YES;
				CLANG_WARN_STRICT_PROTOTYPES = YES;
				CLANG_WARN_SUSPICIOUS_MOVE = YES;
				CLANG_WARN_UNGUARDED_AVAILABILITY = YES_AGGRESSIVE;
				CLANG_WARN_UNREACHABLE_CODE = YES;
				CLANG_WARN__DUPLICATE_METHOD_MATCH = YES;
				CODE_SIGN_IDENTITY = "Mac Developer";
				COPY_PHASE_STRIP = NO;
				DEBUG_INFORMATION_FORMAT = dwarf;
				ENABLE_STRICT_OBJC_MSGSEND = YES;
				ENABLE_TESTABILITY = YES;
				GCC_C_LANGUAGE_STANDARD = gnu11;
				GCC_DYNAMIC_NO_PIC = NO;
				GCC_NO_COMMON_BLOCKS = YES;
				GCC_OPTIMIZATION_LEVEL = 0;
				GCC_PREPROCESSOR_DEFINITIONS = (
					"DEBUG=1",
					"$(inherited)",
				);
				GCC_WARN_64_TO_32_BIT_CONVERSION = YES;
				GCC_WARN_ABOUT_RETURN_TYPE = YES_ERROR;
				GCC_WARN_UNDECLARED_SELECTOR = YES;
				GCC_WARN_UNINITIALIZED_AUTOS = YES_AGGRESSIVE;
				GCC_WARN_UNUSED_FUNCTION = YES;
				GCC_WARN_UNUSED_VARIABLE = YES;
				MACOSX_DEPLOYMENT_TARGET = 10.14;
				MTL_ENABLE_DEBUG_INFO = INCLUDE_SOURCE;
				MTL_FAST_MATH = YES;
				ONLY_ACTIVE_ARCH = YES;
				SDKROOT = macosx;
				SWIFT_ACTIVE_COMPILATION_CONDITIONS = DEBUG;
				SWIFT_OPTIMIZATION_LEVEL = "-Onone";
			};
			name = Debug;
		};
		FBC7B84D22B6DC7000F39028 /* Release */ = {
			isa = XCBuildConfiguration;
			buildSettings = {
				ALWAYS_SEARCH_USER_PATHS = NO;
				CLANG_ANALYZER_NONNULL = YES;
				CLANG_ANALYZER_NUMBER_OBJECT_CONVERSION = YES_AGGRESSIVE;
				CLANG_CXX_LANGUAGE_STANDARD = "gnu++14";
				CLANG_CXX_LIBRARY = "libc++";
				CLANG_ENABLE_MODULES = YES;
				CLANG_ENABLE_OBJC_ARC = YES;
				CLANG_ENABLE_OBJC_WEAK = YES;
				CLANG_WARN_BLOCK_CAPTURE_AUTORELEASING = YES;
				CLANG_WARN_BOOL_CONVERSION = YES;
				CLANG_WARN_COMMA = YES;
				CLANG_WARN_CONSTANT_CONVERSION = YES;
				CLANG_WARN_DEPRECATED_OBJC_IMPLEMENTATIONS = YES;
				CLANG_WARN_DIRECT_OBJC_ISA_USAGE = YES_ERROR;
				CLANG_WARN_DOCUMENTATION_COMMENTS = YES;
				CLANG_WARN_EMPTY_BODY = YES;
				CLANG_WARN_ENUM_CONVERSION = YES;
				CLANG_WARN_INFINITE_RECURSION = YES;
				CLANG_WARN_INT_CONVERSION = YES;
				CLANG_WARN_NON_LITERAL_NULL_CONVERSION = YES;
				CLANG_WARN_OBJC_IMPLICIT_RETAIN_SELF = YES;
				CLANG_WARN_OBJC_LITERAL_CONVERSION = YES;
				CLANG_WARN_OBJC_ROOT_CLASS = YES_ERROR;
				CLANG_WARN_RANGE_LOOP_ANALYSIS = YES;
				CLANG_WARN_STRICT_PROTOTYPES = YES;
				CLANG_WARN_SUSPICIOUS_MOVE = YES;
				CLANG_WARN_UNGUARDED_AVAILABILITY = YES_AGGRESSIVE;
				CLANG_WARN_UNREACHABLE_CODE = YES;
				CLANG_WARN__DUPLICATE_METHOD_MATCH = YES;
				CODE_SIGN_IDENTITY = "Mac Developer";
				COPY_PHASE_STRIP = NO;
				DEBUG_INFORMATION_FORMAT = "dwarf-with-dsym";
				ENABLE_NS_ASSERTIONS = NO;
				ENABLE_STRICT_OBJC_MSGSEND = YES;
				GCC_C_LANGUAGE_STANDARD = gnu11;
				GCC_NO_COMMON_BLOCKS = YES;
				GCC_WARN_64_TO_32_BIT_CONVERSION = YES;
				GCC_WARN_ABOUT_RETURN_TYPE = YES_ERROR;
				GCC_WARN_UNDECLARED_SELECTOR = YES;
				GCC_WARN_UNINITIALIZED_AUTOS = YES_AGGRESSIVE;
				GCC_WARN_UNUSED_FUNCTION = YES;
				GCC_WARN_UNUSED_VARIABLE = YES;
				MACOSX_DEPLOYMENT_TARGET = 10.14;
				MTL_ENABLE_DEBUG_INFO = NO;
				MTL_FAST_MATH = YES;
				SDKROOT = macosx;
				SWIFT_COMPILATION_MODE = wholemodule;
				SWIFT_OPTIMIZATION_LEVEL = "-O";
			};
			name = Release;
		};
		FBC7B84F22B6DC7000F39028 /* Debug */ = {
			isa = XCBuildConfiguration;
			buildSettings = {
				CODE_SIGN_STYLE = Automatic;
				DEVELOPMENT_TEAM = WAW38RG3LM;
				PRODUCT_NAME = "$(TARGET_NAME)";
				SWIFT_VERSION = 5.0;
			};
			name = Debug;
		};
		FBC7B85022B6DC7000F39028 /* Release */ = {
			isa = XCBuildConfiguration;
			buildSettings = {
				CODE_SIGN_STYLE = Automatic;
				DEVELOPMENT_TEAM = WAW38RG3LM;
				PRODUCT_NAME = "$(TARGET_NAME)";
				SWIFT_VERSION = 5.0;
			};
			name = Release;
		};
/* End XCBuildConfiguration section */

/* Begin XCConfigurationList section */
		FBC7B84222B6DC6F00F39028 /* Build configuration list for PBXProject "StoreManagement" */ = {
			isa = XCConfigurationList;
			buildConfigurations = (
				FBC7B84C22B6DC7000F39028 /* Debug */,
				FBC7B84D22B6DC7000F39028 /* Release */,
			);
			defaultConfigurationIsVisible = 0;
			defaultConfigurationName = Release;
		};
		FBC7B84E22B6DC7000F39028 /* Build configuration list for PBXNativeTarget "StoreManagement" */ = {
			isa = XCConfigurationList;
			buildConfigurations = (
				FBC7B84F22B6DC7000F39028 /* Debug */,
				FBC7B85022B6DC7000F39028 /* Release */,
			);
			defaultConfigurationIsVisible = 0;
			defaultConfigurationName = Release;
		};
/* End XCConfigurationList section */
	};
	rootObject = FBC7B83F22B6DC6F00F39028 /* Project object */;
}
